
Microsoft Visual Studio Solution File, Format Version 12.00
Project("{FAE04EC0-301F-11D3-BF4B-00C04F79EFBC}") = "OpenTK-Game", "OpenTK-Game.csproj", "{3735988E-48A9-4C4B-A3CD-AE890FD0110A}"
EndProject
Global
	GlobalSection(SolutionConfigurationPlatforms) = preSolution
		Debug|Any CPU = Debug|Any CPU
		Release|Any CPU = Release|Any CPU
	EndGlobalSection
	GlobalSection(ProjectConfigurationPlatforms) = postSolution
		{3735988E-48A9-4C4B-A3CD-AE890FD0110A}.Debug|Any CPU.ActiveCfg = Debug|Any CPU
		{3735988E-48A9-4C4B-A3CD-AE890FD0110A}.Debug|Any CPU.Build.0 = Debug|Any CPU
		{3735988E-48A9-4C4B-A3CD-AE890FD0110A}.Release|Any CPU.ActiveCfg = Release|Any CPU
		{3735988E-48A9-4C4B-A3CD-AE890FD0110A}.Release|Any CPU.Build.0 = Release|Any CPU
	EndGlobalSection
EndGlobal
